
Microsoft Visual Studio Solution File, Format Version 12.00
# Visual Studio 14
VisualStudioVersion = 14.0.25420.1
MinimumVisualStudioVersion = 10.0.40219.1
Project("{FAE04EC0-301F-11D3-BF4B-00C04F79EFBC}") = "Imutabilidade", "Imutabilidade\Imutabilidade.csproj", "{F1983B8B-1388-40C0-9470-3D038BF0E096}"
EndProject
Project("{FAE04EC0-301F-11D3-BF4B-00C04F79EFBC}") = "Parallel", "Parallel\Parallel.csproj", "{04F21ED3-55FB-45A2-8E44-80E83ADB02A2}"
EndProject
Project("{FAE04EC0-301F-11D3-BF4B-00C04F79EFBC}") = "HighOrderFunctions", "HighOrderFunctions\HighOrderFunctions.csproj", "{83932458-EAE4-4952-B9E1-D6535F2AC4EA}"
EndProject
Project("{FAE04EC0-301F-11D3-BF4B-00C04F79EFBC}") = "Lazyness", "Lazyness\Lazyness.csproj", "{B6A9E038-652A-4EEE-812F-3F2386DDD3F6}"
EndProject
Global
	GlobalSection(SolutionConfigurationPlatforms) = preSolution
		Debug|Any CPU = Debug|Any CPU
		Release|Any CPU = Release|Any CPU
	EndGlobalSection
	GlobalSection(ProjectConfigurationPlatforms) = postSolution
		{F1983B8B-1388-40C0-9470-3D038BF0E096}.Debug|Any CPU.ActiveCfg = Debug|Any CPU
		{F1983B8B-1388-40C0-9470-3D038BF0E096}.Debug|Any CPU.Build.0 = Debug|Any CPU
		{F1983B8B-1388-40C0-9470-3D038BF0E096}.Release|Any CPU.ActiveCfg = Release|Any CPU
		{F1983B8B-1388-40C0-9470-3D038BF0E096}.Release|Any CPU.Build.0 = Release|Any CPU
		{04F21ED3-55FB-45A2-8E44-80E83ADB02A2}.Debug|Any CPU.ActiveCfg = Debug|Any CPU
		{04F21ED3-55FB-45A2-8E44-80E83ADB02A2}.Debug|Any CPU.Build.0 = Debug|Any CPU
		{04F21ED3-55FB-45A2-8E44-80E83ADB02A2}.Release|Any CPU.ActiveCfg = Release|Any CPU
		{04F21ED3-55FB-45A2-8E44-80E83ADB02A2}.Release|Any CPU.Build.0 = Release|Any CPU
		{83932458-EAE4-4952-B9E1-D6535F2AC4EA}.Debug|Any CPU.ActiveCfg = Debug|Any CPU
		{83932458-EAE4-4952-B9E1-D6535F2AC4EA}.Debug|Any CPU.Build.0 = Debug|Any CPU
		{83932458-EAE4-4952-B9E1-D6535F2AC4EA}.Release|Any CPU.ActiveCfg = Release|Any CPU
		{83932458-EAE4-4952-B9E1-D6535F2AC4EA}.Release|Any CPU.Build.0 = Release|Any CPU
		{B6A9E038-652A-4EEE-812F-3F2386DDD3F6}.Debug|Any CPU.ActiveCfg = Debug|Any CPU
		{B6A9E038-652A-4EEE-812F-3F2386DDD3F6}.Debug|Any CPU.Build.0 = Debug|Any CPU
		{B6A9E038-652A-4EEE-812F-3F2386DDD3F6}.Release|Any CPU.ActiveCfg = Release|Any CPU
		{B6A9E038-652A-4EEE-812F-3F2386DDD3F6}.Release|Any CPU.Build.0 = Release|Any CPU
	EndGlobalSection
	GlobalSection(SolutionProperties) = preSolution
		HideSolutionNode = FALSE
	EndGlobalSection
EndGlobal
